
Microsoft Visual Studio Solution File, Format Version 12.00
# Visual Studio Version 17
VisualStudioVersion = 17.14.36401.2 d17.14
MinimumVisualStudioVersion = 10.0.40219.1
Project("{FAE04EC0-301F-11D3-BF4B-00C04F79EFBC}") = "AzureFunctionsCookbook", "AzureFunctionsCookbook.csproj", "{A48D109F-3AD4-4568-9057-33E5103BDEB8}"
EndProject
Global
	GlobalSection(SolutionConfigurationPlatforms) = preSolution
		Debug|Any CPU = Debug|Any CPU
		Release|Any CPU = Release|Any CPU
	EndGlobalSection
	GlobalSection(ProjectConfigurationPlatforms) = postSolution
		{A48D109F-3AD4-4568-9057-33E5103BDEB8}.Debug|Any CPU.ActiveCfg = Debug|Any CPU
		{A48D109F-3AD4-4568-9057-33E5103BDEB8}.Debug|Any CPU.Build.0 = Debug|Any CPU
		{A48D109F-3AD4-4568-9057-33E5103BDEB8}.Release|Any CPU.ActiveCfg = Release|Any CPU
		{A48D109F-3AD4-4568-9057-33E5103BDEB8}.Release|Any CPU.Build.0 = Release|Any CPU
	EndGlobalSection
	GlobalSection(SolutionProperties) = preSolution
		HideSolutionNode = FALSE
	EndGlobalSection
	GlobalSection(ExtensibilityGlobals) = postSolution
		SolutionGuid = {E5DA7673-A30E-4F5F-B857-C0E98E52FC4E}
	EndGlobalSection
EndGlobal
